
Microsoft Visual Studio Solution File, Format Version 12.00
# Visual Studio Version 17
VisualStudioVersion = 17.5.002.0
MinimumVisualStudioVersion = 10.0.40219.1
Project("{9A19103F-16F7-4668-BE54-9A1E7A4F7556}") = "producer", "producer.csproj", "{ADC9A1EF-8935-4372-B575-061D00CFE54F}"
EndProject
Global
	GlobalSection(SolutionConfigurationPlatforms) = preSolution
		Debug|Any CPU = Debug|Any CPU
		Release|Any CPU = Release|Any CPU
	EndGlobalSection
	GlobalSection(ProjectConfigurationPlatforms) = postSolution
		{ADC9A1EF-8935-4372-B575-061D00CFE54F}.Debug|Any CPU.ActiveCfg = Debug|Any CPU
		{ADC9A1EF-8935-4372-B575-061D00CFE54F}.Debug|Any CPU.Build.0 = Debug|Any CPU
		{ADC9A1EF-8935-4372-B575-061D00CFE54F}.Release|Any CPU.ActiveCfg = Release|Any CPU
		{ADC9A1EF-8935-4372-B575-061D00CFE54F}.Release|Any CPU.Build.0 = Release|Any CPU
	EndGlobalSection
	GlobalSection(SolutionProperties) = preSolution
		HideSolutionNode = FALSE
	EndGlobalSection
	GlobalSection(ExtensibilityGlobals) = postSolution
		SolutionGuid = {6BF62328-6231-470D-85BB-8450E329ACBB}
	EndGlobalSection
EndGlobal
